// !$*UTF8*$!
{
	archiveVersion = 1;
	classes = {
	};
	objectVersion = 46;
	objects = {

/* Begin PBXBuildFile section */
		8917D82A1F582215001E7BCF /* main.m in Sources */ = {isa = PBXBuildFile; fileRef = 8917D8291F582215001E7BCF /* main.m */; };
		8917D82D1F582215001E7BCF /* AppDelegate.m in Sources */ = {isa = PBXBuildFile; fileRef = 8917D82C1F582215001E7BCF /* AppDelegate.m */; };
		8917D8351F582215001E7BCF /* Assets.xcassets in Resources */ = {isa = PBXBuildFile; fileRef = 8917D8341F582215001E7BCF /* Assets.xcassets */; };
		8917D8411F58232A001E7BCF /* AKCitiesTableViewController.m in Sources */ = {isa = PBXBuildFile; fileRef = 8917D8401F58232A001E7BCF /* AKCitiesTableViewController.m */; };
		8917D8441F5823A0001E7BCF /* AKCities.m in Sources */ = {isa = PBXBuildFile; fileRef = 8917D8431F5823A0001E7BCF /* AKCities.m */; };
		8917D8471F582507001E7BCF /* AKCity.m in Sources */ = {isa = PBXBuildFile; fileRef = 8917D8461F582507001E7BCF /* AKCity.m */; };
		89EC226C1F5842F900003F2F /* AKCityViewController.m in Sources */ = {isa = PBXBuildFile; fileRef = 89EC226B1F5842F900003F2F /* AKCityViewController.m */; };
		89EC22711F5AB89F00003F2F /* AKItemsViewController.m in Sources */ = {isa = PBXBuildFile; fileRef = 89EC22701F5AB89F00003F2F /* AKItemsViewController.m */; };
		89EC22731F5ABDDA00003F2F /* AKItemCell.xib in Resources */ = {isa = PBXBuildFile; fileRef = 89EC22721F5ABDDA00003F2F /* AKItemCell.xib */; };
		89EC22761F5AC01100003F2F /* AKItem.m in Sources */ = {isa = PBXBuildFile; fileRef = 89EC22751F5AC01100003F2F /* AKItem.m */; };
		89EC22791F5ACC5C00003F2F /* AKItemCell.m in Sources */ = {isa = PBXBuildFile; fileRef = 89EC22781F5ACC5C00003F2F /* AKItemCell.m */; };
		89EC227D1F5ADAD400003F2F /* AKCityCell.m in Sources */ = {isa = PBXBuildFile; fileRef = 89EC227B1F5ADAD400003F2F /* AKCityCell.m */; };
		89EC227E1F5ADAD400003F2F /* AKCityCell.xib in Resources */ = {isa = PBXBuildFile; fileRef = 89EC227C1F5ADAD400003F2F /* AKCityCell.xib */; };
		89EC22801F5ADDCA00003F2F /* sityGuide.sql in Resources */ = {isa = PBXBuildFile; fileRef = 89EC227F1F5ADDCA00003F2F /* sityGuide.sql */; };
		89EC22831F5ADE8100003F2F /* libsqlite3.tbd in Frameworks */ = {isa = PBXBuildFile; fileRef = 89EC22821F5ADE8100003F2F /* libsqlite3.tbd */; };
		89EC22891F5ADF1B00003F2F /* AKDBManager.m in Sources */ = {isa = PBXBuildFile; fileRef = 89EC22881F5ADF1B00003F2F /* AKDBManager.m */; };
/* End PBXBuildFile section */

/* Begin PBXFileReference section */
		8917D8251F582215001E7BCF /* CityGuide.app */ = {isa = PBXFileReference; explicitFileType = wrapper.application; includeInIndex = 0; path = CityGuide.app; sourceTree = BUILT_PRODUCTS_DIR; };
		8917D8291F582215001E7BCF /* main.m */ = {isa = PBXFileReference; lastKnownFileType = sourcecode.c.objc; path = main.m; sourceTree = "<group>"; };
		8917D82B1F582215001E7BCF /* AppDelegate.h */ = {isa = PBXFileReference; lastKnownFileType = sourcecode.c.h; path = AppDelegate.h; sourceTree = "<group>"; };
		8917D82C1F582215001E7BCF /* AppDelegate.m */ = {isa = PBXFileReference; lastKnownFileType = sourcecode.c.objc; path = AppDelegate.m; sourceTree = "<group>"; };
		8917D8341F582215001E7BCF /* Assets.xcassets */ = {isa = PBXFileReference; lastKnownFileType = folder.assetcatalog; path = Assets.xcassets; sourceTree = "<group>"; };
		8917D8391F582215001E7BCF /* Info.plist */ = {isa = PBXFileReference; lastKnownFileType = text.plist.xml; path = Info.plist; sourceTree = "<group>"; };
		8917D83F1F58232A001E7BCF /* AKCitiesTableViewController.h */ = {isa = PBXFileReference; fileEncoding = 4; lastKnownFileType = sourcecode.c.h; path = AKCitiesTableViewController.h; sourceTree = "<group>"; };
		8917D8401F58232A001E7BCF /* AKCitiesTableViewController.m */ = {isa = PBXFileReference; fileEncoding = 4; lastKnownFileType = sourcecode.c.objc; path = AKCitiesTableViewController.m; sourceTree = "<group>"; };
		8917D8421F5823A0001E7BCF /* AKCities.h */ = {isa = PBXFileReference; fileEncoding = 4; lastKnownFileType = sourcecode.c.h; path = AKCities.h; sourceTree = "<group>"; };
		8917D8431F5823A0001E7BCF /* AKCities.m */ = {isa = PBXFileReference; fileEncoding = 4; lastKnownFileType = sourcecode.c.objc; path = AKCities.m; sourceTree = "<group>"; };
		8917D8451F582507001E7BCF /* AKCity.h */ = {isa = PBXFileReference; fileEncoding = 4; lastKnownFileType = sourcecode.c.h; path = AKCity.h; sourceTree = "<group>"; };
		8917D8461F582507001E7BCF /* AKCity.m */ = {isa = PBXFileReference; fileEncoding = 4; lastKnownFileType = sourcecode.c.objc; path = AKCity.m; sourceTree = "<group>"; };
		89EC226A1F5842F900003F2F /* AKCityViewController.h */ = {isa = PBXFileReference; fileEncoding = 4; lastKnownFileType = sourcecode.c.h; path = AKCityViewController.h; sourceTree = "<group>"; };
		89EC226B1F5842F900003F2F /* AKCityViewController.m */ = {isa = PBXFileReference; fileEncoding = 4; lastKnownFileType = sourcecode.c.objc; path = AKCityViewController.m; sourceTree = "<group>"; };
		89EC226F1F5AB89F00003F2F /* AKItemsViewController.h */ = {isa = PBXFileReference; fileEncoding = 4; lastKnownFileType = sourcecode.c.h; path = AKItemsViewController.h; sourceTree = "<group>"; };
		89EC22701F5AB89F00003F2F /* AKItemsViewController.m */ = {isa = PBXFileReference; fileEncoding = 4; lastKnownFileType = sourcecode.c.objc; path = AKItemsViewController.m; sourceTree = "<group>"; };
		89EC22721F5ABDDA00003F2F /* AKItemCell.xib */ = {isa = PBXFileReference; fileEncoding = 4; lastKnownFileType = file.xib; path = AKItemCell.xib; sourceTree = "<group>"; };
		89EC22741F5AC01100003F2F /* AKItem.h */ = {isa = PBXFileReference; fileEncoding = 4; lastKnownFileType = sourcecode.c.h; path = AKItem.h; sourceTree = "<group>"; };
		89EC22751F5AC01100003F2F /* AKItem.m */ = {isa = PBXFileReference; fileEncoding = 4; lastKnownFileType = sourcecode.c.objc; path = AKItem.m; sourceTree = "<group>"; };
		89EC22771F5ACC5C00003F2F /* AKItemCell.h */ = {isa = PBXFileReference; fileEncoding = 4; lastKnownFileType = sourcecode.c.h; path = AKItemCell.h; sourceTree = "<group>"; };
		89EC22781F5ACC5C00003F2F /* AKItemCell.m */ = {isa = PBXFileReference; fileEncoding = 4; lastKnownFileType = sourcecode.c.objc; path = AKItemCell.m; sourceTree = "<group>"; };
		89EC227A1F5ADAD400003F2F /* AKCityCell.h */ = {isa = PBXFileReference; fileEncoding = 4; lastKnownFileType = sourcecode.c.h; path = AKCityCell.h; sourceTree = "<group>"; };
		89EC227B1F5ADAD400003F2F /* AKCityCell.m */ = {isa = PBXFileReference; fileEncoding = 4; lastKnownFileType = sourcecode.c.objc; path = AKCityCell.m; sourceTree = "<group>"; };
		89EC227C1F5ADAD400003F2F /* AKCityCell.xib */ = {isa = PBXFileReference; fileEncoding = 4; lastKnownFileType = file.xib; path = AKCityCell.xib; sourceTree = "<group>"; };
		89EC227F1F5ADDCA00003F2F /* sityGuide.sql */ = {isa = PBXFileReference; lastKnownFileType = file; path = sityGuide.sql; sourceTree = "<group>"; };
		89EC22821F5ADE8100003F2F /* libsqlite3.tbd */ = {isa = PBXFileReference; lastKnownFileType = "sourcecode.text-based-dylib-definition"; name = libsqlite3.tbd; path = usr/lib/libsqlite3.tbd; sourceTree = SDKROOT; };
		89EC22871F5ADF1B00003F2F /* AKDBManager.h */ = {isa = PBXFileReference; fileEncoding = 4; lastKnownFileType = sourcecode.c.h; path = AKDBManager.h; sourceTree = "<group>"; };
		89EC22881F5ADF1B00003F2F /* AKDBManager.m */ = {isa = PBXFileReference; fileEncoding = 4; lastKnownFileType = sourcecode.c.objc; path = AKDBManager.m; sourceTree = "<group>"; };
/* End PBXFileReference section */

/* Begin PBXFrameworksBuildPhase section */
		8917D8221F582215001E7BCF /* Frameworks */ = {
			isa = PBXFrameworksBuildPhase;
			buildActionMask = 2147483647;
			files = (
				89EC22831F5ADE8100003F2F /* libsqlite3.tbd in Frameworks */,
			);
			runOnlyForDeploymentPostprocessing = 0;
		};
/* End PBXFrameworksBuildPhase section */

/* Begin PBXGroup section */
		8917D81C1F582215001E7BCF = {
			isa = PBXGroup;
			children = (
				8917D8271F582215001E7BCF /* CityGuide */,
				8917D8261F582215001E7BCF /* Products */,
				89EC22811F5ADE8100003F2F /* Frameworks */,
			);
			sourceTree = "<group>";
		};
		8917D8261F582215001E7BCF /* Products */ = {
			isa = PBXGroup;
			children = (
				8917D8251F582215001E7BCF /* CityGuide.app */,
			);
			name = Products;
			sourceTree = "<group>";
		};
		8917D8271F582215001E7BCF /* CityGuide */ = {
			isa = PBXGroup;
			children = (
				8917D82B1F582215001E7BCF /* AppDelegate.h */,
				8917D82C1F582215001E7BCF /* AppDelegate.m */,
				8917D83F1F58232A001E7BCF /* AKCitiesTableViewController.h */,
				8917D8401F58232A001E7BCF /* AKCitiesTableViewController.m */,
				89EC226A1F5842F900003F2F /* AKCityViewController.h */,
				89EC226B1F5842F900003F2F /* AKCityViewController.m */,
				89EC226F1F5AB89F00003F2F /* AKItemsViewController.h */,
				89EC22701F5AB89F00003F2F /* AKItemsViewController.m */,
				89EC227A1F5ADAD400003F2F /* AKCityCell.h */,
				89EC227B1F5ADAD400003F2F /* AKCityCell.m */,
				89EC227C1F5ADAD400003F2F /* AKCityCell.xib */,
				89EC22771F5ACC5C00003F2F /* AKItemCell.h */,
				89EC22781F5ACC5C00003F2F /* AKItemCell.m */,
				89EC22721F5ABDDA00003F2F /* AKItemCell.xib */,
				8917D8421F5823A0001E7BCF /* AKCities.h */,
				8917D8431F5823A0001E7BCF /* AKCities.m */,
				8917D8451F582507001E7BCF /* AKCity.h */,
				8917D8461F582507001E7BCF /* AKCity.m */,
				89EC22741F5AC01100003F2F /* AKItem.h */,
				89EC22751F5AC01100003F2F /* AKItem.m */,
				8917D8341F582215001E7BCF /* Assets.xcassets */,
				89EC22871F5ADF1B00003F2F /* AKDBManager.h */,
				89EC22881F5ADF1B00003F2F /* AKDBManager.m */,
				89EC227F1F5ADDCA00003F2F /* sityGuide.sql */,
				8917D8391F582215001E7BCF /* Info.plist */,
				8917D8281F582215001E7BCF /* Supporting Files */,
			);
			path = CityGuide;
			sourceTree = "<group>";
		};
		8917D8281F582215001E7BCF /* Supporting Files */ = {
			isa = PBXGroup;
			children = (
				8917D8291F582215001E7BCF /* main.m */,
			);
			name = "Supporting Files";
			sourceTree = "<group>";
		};
		89EC22811F5ADE8100003F2F /* Frameworks */ = {
			isa = PBXGroup;
			children = (
				89EC22821F5ADE8100003F2F /* libsqlite3.tbd */,
			);
			name = Frameworks;
			sourceTree = "<group>";
		};
/* End PBXGroup section */

/* Begin PBXNativeTarget section */
		8917D8241F582215001E7BCF /* CityGuide */ = {
			isa = PBXNativeTarget;
			buildConfigurationList = 8917D83C1F582215001E7BCF /* Build configuration list for PBXNativeTarget "CityGuide" */;
			buildPhases = (
				8917D8211F582215001E7BCF /* Sources */,
				8917D8221F582215001E7BCF /* Frameworks */,
				8917D8231F582215001E7BCF /* Resources */,
			);
			buildRules = (
			);
			dependencies = (
			);
			name = CityGuide;
			productName = CityGuide;
			productReference = 8917D8251F582215001E7BCF /* CityGuide.app */;
			productType = "com.apple.product-type.application";
		};
/* End PBXNativeTarget section */

/* Begin PBXProject section */
		8917D81D1F582215001E7BCF /* Project object */ = {
			isa = PBXProject;
			attributes = {
				LastUpgradeCheck = 0830;
				ORGANIZATIONNAME = "Alexander Karpeev";
				TargetAttributes = {
					8917D8241F582215001E7BCF = {
						CreatedOnToolsVersion = 8.3.3;
						DevelopmentTeam = GEQSNDXWC5;
						ProvisioningStyle = Automatic;
					};
				};
			};
			buildConfigurationList = 8917D8201F582215001E7BCF /* Build configuration list for PBXProject "CityGuide" */;
			compatibilityVersion = "Xcode 3.2";
			developmentRegion = English;
			hasScannedForEncodings = 0;
			knownRegions = (
				en,
				Base,
			);
			mainGroup = 8917D81C1F582215001E7BCF;
			productRefGroup = 8917D8261F582215001E7BCF /* Products */;
			projectDirPath = "";
			projectRoot = "";
			targets = (
				8917D8241F582215001E7BCF /* CityGuide */,
			);
		};
/* End PBXProject section */

/* Begin PBXResourcesBuildPhase section */
		8917D8231F582215001E7BCF /* Resources */ = {
			isa = PBXResourcesBuildPhase;
			buildActionMask = 2147483647;
			files = (
				89EC227E1F5ADAD400003F2F /* AKCityCell.xib in Resources */,
				89EC22731F5ABDDA00003F2F /* AKItemCell.xib in Resources */,
				89EC22801F5ADDCA00003F2F /* sityGuide.sql in Resources */,
				8917D8351F582215001E7BCF /* Assets.xcassets in Resources */,
			);
			runOnlyForDeploymentPostprocessing = 0;
		};
/* End PBXResourcesBuildPhase section */

/* Begin PBXSourcesBuildPhase section */
		8917D8211F582215001E7BCF /* Sources */ = {
			isa = PBXSourcesBuildPhase;
			buildActionMask = 2147483647;
			files = (
				89EC22791F5ACC5C00003F2F /* AKItemCell.m in Sources */,
				8917D8471F582507001E7BCF /* AKCity.m in Sources */,
				8917D82D1F582215001E7BCF /* AppDelegate.m in Sources */,
				89EC22761F5AC01100003F2F /* AKItem.m in Sources */,
				89EC227D1F5ADAD400003F2F /* AKCityCell.m in Sources */,
				8917D8411F58232A001E7BCF /* AKCitiesTableViewController.m in Sources */,
				89EC226C1F5842F900003F2F /* AKCityViewController.m in Sources */,
				8917D8441F5823A0001E7BCF /* AKCities.m in Sources */,
				8917D82A1F582215001E7BCF /* main.m in Sources */,
				89EC22891F5ADF1B00003F2F /* AKDBManager.m in Sources */,
				89EC22711F5AB89F00003F2F /* AKItemsViewController.m in Sources */,
			);
			runOnlyForDeploymentPostprocessing = 0;
		};
/* End PBXSourcesBuildPhase section */

/* Begin XCBuildConfiguration section */
		8917D83A1F582215001E7BCF /* Debug */ = {
			isa = XCBuildConfiguration;
			buildSettings = {
				ALWAYS_SEARCH_USER_PATHS = NO;
				CLANG_ANALYZER_NONNULL = YES;
				CLANG_ANALYZER_NUMBER_OBJECT_CONVERSION = YES_AGGRESSIVE;
				CLANG_CXX_LANGUAGE_STANDARD = "gnu++0x";
				CLANG_CXX_LIBRARY = "libc++";
				CLANG_ENABLE_MODULES = YES;
				CLANG_ENABLE_OBJC_ARC = YES;
				CLANG_WARN_BOOL_CONVERSION = YES;
				CLANG_WARN_CONSTANT_CONVERSION = YES;
				CLANG_WARN_DIRECT_OBJC_ISA_USAGE = YES_ERROR;
				CLANG_WARN_DOCUMENTATION_COMMENTS = YES;
				CLANG_WARN_EMPTY_BODY = YES;
				CLANG_WARN_ENUM_CONVERSION = YES;
				CLANG_WARN_INFINITE_RECURSION = YES;
				CLANG_WARN_INT_CONVERSION = YES;
				CLANG_WARN_OBJC_ROOT_CLASS = YES_ERROR;
				CLANG_WARN_SUSPICIOUS_MOVE = YES;
				CLANG_WARN_UNREACHABLE_CODE = YES;
				CLANG_WARN__DUPLICATE_METHOD_MATCH = YES;
				"CODE_SIGN_IDENTITY[sdk=iphoneos*]" = "iPhone Developer";
				COPY_PHASE_STRIP = NO;
				DEBUG_INFORMATION_FORMAT = dwarf;
				ENABLE_STRICT_OBJC_MSGSEND = YES;
				ENABLE_TESTABILITY = YES;
				GCC_C_LANGUAGE_STANDARD = gnu99;
				GCC_DYNAMIC_NO_PIC = NO;
				GCC_NO_COMMON_BLOCKS = YES;
				GCC_OPTIMIZATION_LEVEL = 0;
				GCC_PREPROCESSOR_DEFINITIONS = (
					"DEBUG=1",
					"$(inherited)",
				);
				GCC_WARN_64_TO_32_BIT_CONVERSION = YES;
				GCC_WARN_ABOUT_RETURN_TYPE = YES_ERROR;
				GCC_WARN_UNDECLARED_SELECTOR = YES;
				GCC_WARN_UNINITIALIZED_AUTOS = YES_AGGRESSIVE;
				GCC_WARN_UNUSED_FUNCTION = YES;
				GCC_WARN_UNUSED_VARIABLE = YES;
				IPHONEOS_DEPLOYMENT_TARGET = 10.3;
				MTL_ENABLE_DEBUG_INFO = YES;
				ONLY_ACTIVE_ARCH = YES;
				SDKROOT = iphoneos;
				TARGETED_DEVICE_FAMILY = "1,2";
			};
			name = Debug;
		};
		8917D83B1F582215001E7BCF /* Release */ = {
			isa = XCBuildConfiguration;
			buildSettings = {
				ALWAYS_SEARCH_USER_PATHS = NO;
				CLANG_ANALYZER_NONNULL = YES;
				CLANG_ANALYZER_NUMBER_OBJECT_CONVERSION = YES_AGGRESSIVE;
				CLANG_CXX_LANGUAGE_STANDARD = "gnu++0x";
				CLANG_CXX_LIBRARY = "libc++";
				CLANG_ENABLE_MODULES = YES;
				CLANG_ENABLE_OBJC_ARC = YES;
				CLANG_WARN_BOOL_CONVERSION = YES;
				CLANG_WARN_CONSTANT_CONVERSION = YES;
				CLANG_WARN_DIRECT_OBJC_ISA_USAGE = YES_ERROR;
				CLANG_WARN_DOCUMENTATION_COMMENTS = YES;
				CLANG_WARN_EMPTY_BODY = YES;
				CLANG_WARN_ENUM_CONVERSION = YES;
				CLANG_WARN_INFINITE_RECURSION = YES;
				CLANG_WARN_INT_CONVERSION = YES;
				CLANG_WARN_OBJC_ROOT_CLASS = YES_ERROR;
				CLANG_WARN_SUSPICIOUS_MOVE = YES;
				CLANG_WARN_UNREACHABLE_CODE = YES;
				CLANG_WARN__DUPLICATE_METHOD_MATCH = YES;
				"CODE_SIGN_IDENTITY[sdk=iphoneos*]" = "iPhone Developer";
				COPY_PHASE_STRIP = NO;
				DEBUG_INFORMATION_FORMAT = "dwarf-with-dsym";
				ENABLE_NS_ASSERTIONS = NO;
				ENABLE_STRICT_OBJC_MSGSEND = YES;
				GCC_C_LANGUAGE_STANDARD = gnu99;
				GCC_NO_COMMON_BLOCKS = YES;
				GCC_WARN_64_TO_32_BIT_CONVERSION = YES;
				GCC_WARN_ABOUT_RETURN_TYPE = YES_ERROR;
				GCC_WARN_UNDECLARED_SELECTOR = YES;
				GCC_WARN_UNINITIALIZED_AUTOS = YES_AGGRESSIVE;
				GCC_WARN_UNUSED_FUNCTION = YES;
				GCC_WARN_UNUSED_VARIABLE = YES;
				IPHONEOS_DEPLOYMENT_TARGET = 10.3;
				MTL_ENABLE_DEBUG_INFO = NO;
				SDKROOT = iphoneos;
				TARGETED_DEVICE_FAMILY = "1,2";
				VALIDATE_PRODUCT = YES;
			};
			name = Release;
		};
		8917D83D1F582215001E7BCF /* Debug */ = {
			isa = XCBuildConfiguration;
			buildSettings = {
				ASSETCATALOG_COMPILER_APPICON_NAME = AppIcon;
				DEVELOPMENT_TEAM = GEQSNDXWC5;
				INFOPLIST_FILE = CityGuide/Info.plist;
				LD_RUNPATH_SEARCH_PATHS = "$(inherited) @executable_path/Frameworks";
				PRODUCT_BUNDLE_IDENTIFIER = MeraTraining.CityGuide;
				PRODUCT_NAME = "$(TARGET_NAME)";
			};
			name = Debug;
		};
		8917D83E1F582215001E7BCF /* Release */ = {
			isa = XCBuildConfiguration;
			buildSettings = {
				ASSETCATALOG_COMPILER_APPICON_NAME = AppIcon;
				DEVELOPMENT_TEAM = GEQSNDXWC5;
				INFOPLIST_FILE = CityGuide/Info.plist;
				LD_RUNPATH_SEARCH_PATHS = "$(inherited) @executable_path/Frameworks";
				PRODUCT_BUNDLE_IDENTIFIER = MeraTraining.CityGuide;
				PRODUCT_NAME = "$(TARGET_NAME)";
			};
			name = Release;
		};
/* End XCBuildConfiguration section */

/* Begin XCConfigurationList section */
		8917D8201F582215001E7BCF /* Build configuration list for PBXProject "CityGuide" */ = {
			isa = XCConfigurationList;
			buildConfigurations = (
				8917D83A1F582215001E7BCF /* Debug */,
				8917D83B1F582215001E7BCF /* Release */,
			);
			defaultConfigurationIsVisible = 0;
			defaultConfigurationName = Release;
		};
		8917D83C1F582215001E7BCF /* Build configuration list for PBXNativeTarget "CityGuide" */ = {
			isa = XCConfigurationList;
			buildConfigurations = (
				8917D83D1F582215001E7BCF /* Debug */,
				8917D83E1F582215001E7BCF /* Release */,
			);
			defaultConfigurationIsVisible = 0;
			defaultConfigurationName = Release;
		};
/* End XCConfigurationList section */
	};
	rootObject = 8917D81D1F582215001E7BCF /* Project object */;
}
